
Microsoft Visual Studio Solution File, Format Version 12.00
# Visual Studio Version 17
VisualStudioVersion = 17.2.32526.322
MinimumVisualStudioVersion = 10.0.40219.1
Project("{FAE04EC0-301F-11D3-BF4B-00C04F79EFBC}") = "MyWebApplication1_", "MyWebApplication1_.csproj", "{FA5BCBD3-78AC-4E19-B00C-4099B6766208}"
EndProject
Global
	GlobalSection(SolutionConfigurationPlatforms) = preSolution
		Debug|Any CPU = Debug|Any CPU
		Release|Any CPU = Release|Any CPU
	EndGlobalSection
	GlobalSection(ProjectConfigurationPlatforms) = postSolution
		{FA5BCBD3-78AC-4E19-B00C-4099B6766208}.Debug|Any CPU.ActiveCfg = Debug|Any CPU
		{FA5BCBD3-78AC-4E19-B00C-4099B6766208}.Debug|Any CPU.Build.0 = Debug|Any CPU
		{FA5BCBD3-78AC-4E19-B00C-4099B6766208}.Release|Any CPU.ActiveCfg = Release|Any CPU
		{FA5BCBD3-78AC-4E19-B00C-4099B6766208}.Release|Any CPU.Build.0 = Release|Any CPU
	EndGlobalSection
	GlobalSection(SolutionProperties) = preSolution
		HideSolutionNode = FALSE
	EndGlobalSection
	GlobalSection(ExtensibilityGlobals) = postSolution
		SolutionGuid = {EF1F4F43-2DAA-4AD1-A510-142E36F72A16}
	EndGlobalSection
EndGlobal
